// !$*UTF8*$!
{
	archiveVersion = 1;
	classes = {
	};
	objectVersion = 48;
	objects = {

/* Begin PBXBuildFile section */
		B68C1B221FBAE6CF00EF9C93 /* AppDelegate.m in Sources */ = {isa = PBXBuildFile; fileRef = B68C1B211FBAE6CF00EF9C93 /* AppDelegate.m */; };
		B68C1B251FBAE6CF00EF9C93 /* ViewController.m in Sources */ = {isa = PBXBuildFile; fileRef = B68C1B241FBAE6CF00EF9C93 /* ViewController.m */; };
		B68C1B281FBAE6CF00EF9C93 /* Main.storyboard in Resources */ = {isa = PBXBuildFile; fileRef = B68C1B261FBAE6CF00EF9C93 /* Main.storyboard */; };
		B68C1B2A1FBAE6CF00EF9C93 /* Assets.xcassets in Resources */ = {isa = PBXBuildFile; fileRef = B68C1B291FBAE6CF00EF9C93 /* Assets.xcassets */; };
		B68C1B2D1FBAE6CF00EF9C93 /* LaunchScreen.storyboard in Resources */ = {isa = PBXBuildFile; fileRef = B68C1B2B1FBAE6CF00EF9C93 /* LaunchScreen.storyboard */; };
		B68C1B301FBAE6CF00EF9C93 /* main.m in Sources */ = {isa = PBXBuildFile; fileRef = B68C1B2F1FBAE6CF00EF9C93 /* main.m */; };
		B68C1B3A1FBAE6CF00EF9C93 /* KVOTests.m in Sources */ = {isa = PBXBuildFile; fileRef = B68C1B391FBAE6CF00EF9C93 /* KVOTests.m */; };
		B68C1B451FBAE6CF00EF9C93 /* KVOUITests.m in Sources */ = {isa = PBXBuildFile; fileRef = B68C1B441FBAE6CF00EF9C93 /* KVOUITests.m */; };
		B68C1B541FBAE6E900EF9C93 /* NSObject+DXKVO.m in Sources */ = {isa = PBXBuildFile; fileRef = B68C1B531FBAE6E900EF9C93 /* NSObject+DXKVO.m */; };
		B6FEA0391FC2D051004193C1 /* KVOObject.m in Sources */ = {isa = PBXBuildFile; fileRef = B6FEA0381FC2D051004193C1 /* KVOObject.m */; };
/* End PBXBuildFile section */

/* Begin PBXContainerItemProxy section */
		B68C1B361FBAE6CF00EF9C93 /* PBXContainerItemProxy */ = {
			isa = PBXContainerItemProxy;
			containerPortal = B68C1B151FBAE6CF00EF9C93 /* Project object */;
			proxyType = 1;
			remoteGlobalIDString = B68C1B1C1FBAE6CF00EF9C93;
			remoteInfo = KVO;
		};
		B68C1B411FBAE6CF00EF9C93 /* PBXContainerItemProxy */ = {
			isa = PBXContainerItemProxy;
			containerPortal = B68C1B151FBAE6CF00EF9C93 /* Project object */;
			proxyType = 1;
			remoteGlobalIDString = B68C1B1C1FBAE6CF00EF9C93;
			remoteInfo = KVO;
		};
/* End PBXContainerItemProxy section */

/* Begin PBXFileReference section */
		B68C1B1D1FBAE6CF00EF9C93 /* KVO.app */ = {isa = PBXFileReference; explicitFileType = wrapper.application; includeInIndex = 0; path = KVO.app; sourceTree = BUILT_PRODUCTS_DIR; };
		B68C1B201FBAE6CF00EF9C93 /* AppDelegate.h */ = {isa = PBXFileReference; lastKnownFileType = sourcecode.c.h; path = AppDelegate.h; sourceTree = "<group>"; };
		B68C1B211FBAE6CF00EF9C93 /* AppDelegate.m */ = {isa = PBXFileReference; lastKnownFileType = sourcecode.c.objc; path = AppDelegate.m; sourceTree = "<group>"; };
		B68C1B231FBAE6CF00EF9C93 /* ViewController.h */ = {isa = PBXFileReference; lastKnownFileType = sourcecode.c.h; path = ViewController.h; sourceTree = "<group>"; };
		B68C1B241FBAE6CF00EF9C93 /* ViewController.m */ = {isa = PBXFileReference; lastKnownFileType = sourcecode.c.objc; path = ViewController.m; sourceTree = "<group>"; };
		B68C1B271FBAE6CF00EF9C93 /* Base */ = {isa = PBXFileReference; lastKnownFileType = file.storyboard; name = Base; path = Base.lproj/Main.storyboard; sourceTree = "<group>"; };
		B68C1B291FBAE6CF00EF9C93 /* Assets.xcassets */ = {isa = PBXFileReference; lastKnownFileType = folder.assetcatalog; path = Assets.xcassets; sourceTree = "<group>"; };
		B68C1B2C1FBAE6CF00EF9C93 /* Base */ = {isa = PBXFileReference; lastKnownFileType = file.storyboard; name = Base; path = Base.lproj/LaunchScreen.storyboard; sourceTree = "<group>"; };
		B68C1B2E1FBAE6CF00EF9C93 /* Info.plist */ = {isa = PBXFileReference; lastKnownFileType = text.plist.xml; path = Info.plist; sourceTree = "<group>"; };
		B68C1B2F1FBAE6CF00EF9C93 /* main.m */ = {isa = PBXFileReference; lastKnownFileType = sourcecode.c.objc; path = main.m; sourceTree = "<group>"; };
		B68C1B351FBAE6CF00EF9C93 /* KVOTests.xctest */ = {isa = PBXFileReference; explicitFileType = wrapper.cfbundle; includeInIndex = 0; path = KVOTests.xctest; sourceTree = BUILT_PRODUCTS_DIR; };
		B68C1B391FBAE6CF00EF9C93 /* KVOTests.m */ = {isa = PBXFileReference; lastKnownFileType = sourcecode.c.objc; path = KVOTests.m; sourceTree = "<group>"; };
		B68C1B3B1FBAE6CF00EF9C93 /* Info.plist */ = {isa = PBXFileReference; lastKnownFileType = text.plist.xml; path = Info.plist; sourceTree = "<group>"; };
		B68C1B401FBAE6CF00EF9C93 /* KVOUITests.xctest */ = {isa = PBXFileReference; explicitFileType = wrapper.cfbundle; includeInIndex = 0; path = KVOUITests.xctest; sourceTree = BUILT_PRODUCTS_DIR; };
		B68C1B441FBAE6CF00EF9C93 /* KVOUITests.m */ = {isa = PBXFileReference; lastKnownFileType = sourcecode.c.objc; path = KVOUITests.m; sourceTree = "<group>"; };
		B68C1B461FBAE6CF00EF9C93 /* Info.plist */ = {isa = PBXFileReference; lastKnownFileType = text.plist.xml; path = Info.plist; sourceTree = "<group>"; };
		B68C1B521FBAE6E900EF9C93 /* NSObject+DXKVO.h */ = {isa = PBXFileReference; lastKnownFileType = sourcecode.c.h; path = "NSObject+DXKVO.h"; sourceTree = "<group>"; };
		B68C1B531FBAE6E900EF9C93 /* NSObject+DXKVO.m */ = {isa = PBXFileReference; lastKnownFileType = sourcecode.c.objc; path = "NSObject+DXKVO.m"; sourceTree = "<group>"; };
		B6FEA0371FC2D051004193C1 /* KVOObject.h */ = {isa = PBXFileReference; lastKnownFileType = sourcecode.c.h; path = KVOObject.h; sourceTree = "<group>"; };
		B6FEA0381FC2D051004193C1 /* KVOObject.m */ = {isa = PBXFileReference; lastKnownFileType = sourcecode.c.objc; path = KVOObject.m; sourceTree = "<group>"; };
/* End PBXFileReference section */

/* Begin PBXFrameworksBuildPhase section */
		B68C1B1A1FBAE6CF00EF9C93 /* Frameworks */ = {
			isa = PBXFrameworksBuildPhase;
			buildActionMask = 2147483647;
			files = (
			);
			runOnlyForDeploymentPostprocessing = 0;
		};
		B68C1B321FBAE6CF00EF9C93 /* Frameworks */ = {
			isa = PBXFrameworksBuildPhase;
			buildActionMask = 2147483647;
			files = (
			);
			runOnlyForDeploymentPostprocessing = 0;
		};
		B68C1B3D1FBAE6CF00EF9C93 /* Frameworks */ = {
			isa = PBXFrameworksBuildPhase;
			buildActionMask = 2147483647;
			files = (
			);
			runOnlyForDeploymentPostprocessing = 0;
		};
/* End PBXFrameworksBuildPhase section */

/* Begin PBXGroup section */
		B68C1B141FBAE6CF00EF9C93 = {
			isa = PBXGroup;
			children = (
				B68C1B1F1FBAE6CF00EF9C93 /* KVO */,
				B68C1B381FBAE6CF00EF9C93 /* KVOTests */,
				B68C1B431FBAE6CF00EF9C93 /* KVOUITests */,
				B68C1B1E1FBAE6CF00EF9C93 /* Products */,
			);
			sourceTree = "<group>";
		};
		B68C1B1E1FBAE6CF00EF9C93 /* Products */ = {
			isa = PBXGroup;
			children = (
				B68C1B1D1FBAE6CF00EF9C93 /* KVO.app */,
				B68C1B351FBAE6CF00EF9C93 /* KVOTests.xctest */,
				B68C1B401FBAE6CF00EF9C93 /* KVOUITests.xctest */,
			);
			name = Products;
			sourceTree = "<group>";
		};
		B68C1B1F1FBAE6CF00EF9C93 /* KVO */ = {
			isa = PBXGroup;
			children = (
				B68C1B201FBAE6CF00EF9C93 /* AppDelegate.h */,
				B68C1B211FBAE6CF00EF9C93 /* AppDelegate.m */,
				B68C1B231FBAE6CF00EF9C93 /* ViewController.h */,
				B68C1B241FBAE6CF00EF9C93 /* ViewController.m */,
				B68C1B521FBAE6E900EF9C93 /* NSObject+DXKVO.h */,
				B68C1B531FBAE6E900EF9C93 /* NSObject+DXKVO.m */,
				B6FEA0371FC2D051004193C1 /* KVOObject.h */,
				B6FEA0381FC2D051004193C1 /* KVOObject.m */,
				B68C1B261FBAE6CF00EF9C93 /* Main.storyboard */,
				B68C1B291FBAE6CF00EF9C93 /* Assets.xcassets */,
				B68C1B2B1FBAE6CF00EF9C93 /* LaunchScreen.storyboard */,
				B68C1B2E1FBAE6CF00EF9C93 /* Info.plist */,
				B68C1B2F1FBAE6CF00EF9C93 /* main.m */,
			);
			path = KVO;
			sourceTree = "<group>";
		};
		B68C1B381FBAE6CF00EF9C93 /* KVOTests */ = {
			isa = PBXGroup;
			children = (
				B68C1B391FBAE6CF00EF9C93 /* KVOTests.m */,
				B68C1B3B1FBAE6CF00EF9C93 /* Info.plist */,
			);
			path = KVOTests;
			sourceTree = "<group>";
		};
		B68C1B431FBAE6CF00EF9C93 /* KVOUITests */ = {
			isa = PBXGroup;
			children = (
				B68C1B441FBAE6CF00EF9C93 /* KVOUITests.m */,
				B68C1B461FBAE6CF00EF9C93 /* Info.plist */,
			);
			path = KVOUITests;
			sourceTree = "<group>";
		};
/* End PBXGroup section */

/* Begin PBXNativeTarget section */
		B68C1B1C1FBAE6CF00EF9C93 /* KVO */ = {
			isa = PBXNativeTarget;
			buildConfigurationList = B68C1B491FBAE6CF00EF9C93 /* Build configuration list for PBXNativeTarget "KVO" */;
			buildPhases = (
				B68C1B191FBAE6CF00EF9C93 /* Sources */,
				B68C1B1A1FBAE6CF00EF9C93 /* Frameworks */,
				B68C1B1B1FBAE6CF00EF9C93 /* Resources */,
			);
			buildRules = (
			);
			dependencies = (
			);
			name = KVO;
			productName = KVO;
			productReference = B68C1B1D1FBAE6CF00EF9C93 /* KVO.app */;
			productType = "com.apple.product-type.application";
		};
		B68C1B341FBAE6CF00EF9C93 /* KVOTests */ = {
			isa = PBXNativeTarget;
			buildConfigurationList = B68C1B4C1FBAE6CF00EF9C93 /* Build configuration list for PBXNativeTarget "KVOTests" */;
			buildPhases = (
				B68C1B311FBAE6CF00EF9C93 /* Sources */,
				B68C1B321FBAE6CF00EF9C93 /* Frameworks */,
				B68C1B331FBAE6CF00EF9C93 /* Resources */,
			);
			buildRules = (
			);
			dependencies = (
				B68C1B371FBAE6CF00EF9C93 /* PBXTargetDependency */,
			);
			name = KVOTests;
			productName = KVOTests;
			productReference = B68C1B351FBAE6CF00EF9C93 /* KVOTests.xctest */;
			productType = "com.apple.product-type.bundle.unit-test";
		};
		B68C1B3F1FBAE6CF00EF9C93 /* KVOUITests */ = {
			isa = PBXNativeTarget;
			buildConfigurationList = B68C1B4F1FBAE6CF00EF9C93 /* Build configuration list for PBXNativeTarget "KVOUITests" */;
			buildPhases = (
				B68C1B3C1FBAE6CF00EF9C93 /* Sources */,
				B68C1B3D1FBAE6CF00EF9C93 /* Frameworks */,
				B68C1B3E1FBAE6CF00EF9C93 /* Resources */,
			);
			buildRules = (
			);
			dependencies = (
				B68C1B421FBAE6CF00EF9C93 /* PBXTargetDependency */,
			);
			name = KVOUITests;
			productName = KVOUITests;
			productReference = B68C1B401FBAE6CF00EF9C93 /* KVOUITests.xctest */;
			productType = "com.apple.product-type.bundle.ui-testing";
		};
/* End PBXNativeTarget section */

/* Begin PBXProject section */
		B68C1B151FBAE6CF00EF9C93 /* Project object */ = {
			isa = PBXProject;
			attributes = {
				LastUpgradeCheck = 0900;
				ORGANIZATIONNAME = duoxiaoxiang;
				TargetAttributes = {
					B68C1B1C1FBAE6CF00EF9C93 = {
						CreatedOnToolsVersion = 9.0;
						ProvisioningStyle = Automatic;
					};
					B68C1B341FBAE6CF00EF9C93 = {
						CreatedOnToolsVersion = 9.0;
						ProvisioningStyle = Automatic;
						TestTargetID = B68C1B1C1FBAE6CF00EF9C93;
					};
					B68C1B3F1FBAE6CF00EF9C93 = {
						CreatedOnToolsVersion = 9.0;
						ProvisioningStyle = Automatic;
						TestTargetID = B68C1B1C1FBAE6CF00EF9C93;
					};
				};
			};
			buildConfigurationList = B68C1B181FBAE6CF00EF9C93 /* Build configuration list for PBXProject "KVO" */;
			compatibilityVersion = "Xcode 8.0";
			developmentRegion = en;
			hasScannedForEncodings = 0;
			knownRegions = (
				en,
				Base,
			);
			mainGroup = B68C1B141FBAE6CF00EF9C93;
			productRefGroup = B68C1B1E1FBAE6CF00EF9C93 /* Products */;
			projectDirPath = "";
			projectRoot = "";
			targets = (
				B68C1B1C1FBAE6CF00EF9C93 /* KVO */,
				B68C1B341FBAE6CF00EF9C93 /* KVOTests */,
				B68C1B3F1FBAE6CF00EF9C93 /* KVOUITests */,
			);
		};
/* End PBXProject section */

/* Begin PBXResourcesBuildPhase section */
		B68C1B1B1FBAE6CF00EF9C93 /* Resources */ = {
			isa = PBXResourcesBuildPhase;
			buildActionMask = 2147483647;
			files = (
				B68C1B2D1FBAE6CF00EF9C93 /* LaunchScreen.storyboard in Resources */,
				B68C1B2A1FBAE6CF00EF9C93 /* Assets.xcassets in Resources */,
				B68C1B281FBAE6CF00EF9C93 /* Main.storyboard in Resources */,
			);
			runOnlyForDeploymentPostprocessing = 0;
		};
		B68C1B331FBAE6CF00EF9C93 /* Resources */ = {
			isa = PBXResourcesBuildPhase;
			buildActionMask = 2147483647;
			files = (
			);
			runOnlyForDeploymentPostprocessing = 0;
		};
		B68C1B3E1FBAE6CF00EF9C93 /* Resources */ = {
			isa = PBXResourcesBuildPhase;
			buildActionMask = 2147483647;
			files = (
			);
			runOnlyForDeploymentPostprocessing = 0;
		};
/* End PBXResourcesBuildPhase section */

/* Begin PBXSourcesBuildPhase section */
		B68C1B191FBAE6CF00EF9C93 /* Sources */ = {
			isa = PBXSourcesBuildPhase;
			buildActionMask = 2147483647;
			files = (
				B6FEA0391FC2D051004193C1 /* KVOObject.m in Sources */,
				B68C1B251FBAE6CF00EF9C93 /* ViewController.m in Sources */,
				B68C1B301FBAE6CF00EF9C93 /* main.m in Sources */,
				B68C1B541FBAE6E900EF9C93 /* NSObject+DXKVO.m in Sources */,
				B68C1B221FBAE6CF00EF9C93 /* AppDelegate.m in Sources */,
			);
			runOnlyForDeploymentPostprocessing = 0;
		};
		B68C1B311FBAE6CF00EF9C93 /* Sources */ = {
			isa = PBXSourcesBuildPhase;
			buildActionMask = 2147483647;
			files = (
				B68C1B3A1FBAE6CF00EF9C93 /* KVOTests.m in Sources */,
			);
			runOnlyForDeploymentPostprocessing = 0;
		};
		B68C1B3C1FBAE6CF00EF9C93 /* Sources */ = {
			isa = PBXSourcesBuildPhase;
			buildActionMask = 2147483647;
			files = (
				B68C1B451FBAE6CF00EF9C93 /* KVOUITests.m in Sources */,
			);
			runOnlyForDeploymentPostprocessing = 0;
		};
/* End PBXSourcesBuildPhase section */

/* Begin PBXTargetDependency section */
		B68C1B371FBAE6CF00EF9C93 /* PBXTargetDependency */ = {
			isa = PBXTargetDependency;
			target = B68C1B1C1FBAE6CF00EF9C93 /* KVO */;
			targetProxy = B68C1B361FBAE6CF00EF9C93 /* PBXContainerItemProxy */;
		};
		B68C1B421FBAE6CF00EF9C93 /* PBXTargetDependency */ = {
			isa = PBXTargetDependency;
			target = B68C1B1C1FBAE6CF00EF9C93 /* KVO */;
			targetProxy = B68C1B411FBAE6CF00EF9C93 /* PBXContainerItemProxy */;
		};
/* End PBXTargetDependency section */

/* Begin PBXVariantGroup section */
		B68C1B261FBAE6CF00EF9C93 /* Main.storyboard */ = {
			isa = PBXVariantGroup;
			children = (
				B68C1B271FBAE6CF00EF9C93 /* Base */,
			);
			name = Main.storyboard;
			sourceTree = "<group>";
		};
		B68C1B2B1FBAE6CF00EF9C93 /* LaunchScreen.storyboard */ = {
			isa = PBXVariantGroup;
			children = (
				B68C1B2C1FBAE6CF00EF9C93 /* Base */,
			);
			name = LaunchScreen.storyboard;
			sourceTree = "<group>";
		};
/* End PBXVariantGroup section */

/* Begin XCBuildConfiguration section */
		B68C1B471FBAE6CF00EF9C93 /* Debug */ = {
			isa = XCBuildConfiguration;
			buildSettings = {
				ALWAYS_SEARCH_USER_PATHS = NO;
				CLANG_ANALYZER_NONNULL = YES;
				CLANG_ANALYZER_NUMBER_OBJECT_CONVERSION = YES_AGGRESSIVE;
				CLANG_CXX_LANGUAGE_STANDARD = "gnu++14";
				CLANG_CXX_LIBRARY = "libc++";
				CLANG_ENABLE_MODULES = YES;
				CLANG_ENABLE_OBJC_ARC = YES;
				CLANG_WARN_BLOCK_CAPTURE_AUTORELEASING = YES;
				CLANG_WARN_BOOL_CONVERSION = YES;
				CLANG_WARN_COMMA = YES;
				CLANG_WARN_CONSTANT_CONVERSION = YES;
				CLANG_WARN_DIRECT_OBJC_ISA_USAGE = YES_ERROR;
				CLANG_WARN_DOCUMENTATION_COMMENTS = YES;
				CLANG_WARN_EMPTY_BODY = YES;
				CLANG_WARN_ENUM_CONVERSION = YES;
				CLANG_WARN_INFINITE_RECURSION = YES;
				CLANG_WARN_INT_CONVERSION = YES;
				CLANG_WARN_NON_LITERAL_NULL_CONVERSION = YES;
				CLANG_WARN_OBJC_LITERAL_CONVERSION = YES;
				CLANG_WARN_OBJC_ROOT_CLASS = YES_ERROR;
				CLANG_WARN_RANGE_LOOP_ANALYSIS = YES;
				CLANG_WARN_STRICT_PROTOTYPES = YES;
				CLANG_WARN_SUSPICIOUS_MOVE = YES;
				CLANG_WARN_UNGUARDED_AVAILABILITY = YES_AGGRESSIVE;
				CLANG_WARN_UNREACHABLE_CODE = YES;
				CLANG_WARN__DUPLICATE_METHOD_MATCH = YES;
				CODE_SIGN_IDENTITY = "iPhone Developer";
				COPY_PHASE_STRIP = NO;
				DEBUG_INFORMATION_FORMAT = dwarf;
				ENABLE_STRICT_OBJC_MSGSEND = YES;
				ENABLE_TESTABILITY = YES;
				GCC_C_LANGUAGE_STANDARD = gnu11;
				GCC_DYNAMIC_NO_PIC = NO;
				GCC_NO_COMMON_BLOCKS = YES;
				GCC_OPTIMIZATION_LEVEL = 0;
				GCC_PREPROCESSOR_DEFINITIONS = (
					"DEBUG=1",
					"$(inherited)",
				);
				GCC_WARN_64_TO_32_BIT_CONVERSION = YES;
				GCC_WARN_ABOUT_RETURN_TYPE = YES_ERROR;
				GCC_WARN_UNDECLARED_SELECTOR = YES;
				GCC_WARN_UNINITIALIZED_AUTOS = YES_AGGRESSIVE;
				GCC_WARN_UNUSED_FUNCTION = YES;
				GCC_WARN_UNUSED_VARIABLE = YES;
				IPHONEOS_DEPLOYMENT_TARGET = 11.0;
				MTL_ENABLE_DEBUG_INFO = YES;
				ONLY_ACTIVE_ARCH = YES;
				SDKROOT = iphoneos;
			};
			name = Debug;
		};
		B68C1B481FBAE6CF00EF9C93 /* Release */ = {
			isa = XCBuildConfiguration;
			buildSettings = {
				ALWAYS_SEARCH_USER_PATHS = NO;
				CLANG_ANALYZER_NONNULL = YES;
				CLANG_ANALYZER_NUMBER_OBJECT_CONVERSION = YES_AGGRESSIVE;
				CLANG_CXX_LANGUAGE_STANDARD = "gnu++14";
				CLANG_CXX_LIBRARY = "libc++";
				CLANG_ENABLE_MODULES = YES;
				CLANG_ENABLE_OBJC_ARC = YES;
				CLANG_WARN_BLOCK_CAPTURE_AUTORELEASING = YES;
				CLANG_WARN_BOOL_CONVERSION = YES;
				CLANG_WARN_COMMA = YES;
				CLANG_WARN_CONSTANT_CONVERSION = YES;
				CLANG_WARN_DIRECT_OBJC_ISA_USAGE = YES_ERROR;
				CLANG_WARN_DOCUMENTATION_COMMENTS = YES;
				CLANG_WARN_EMPTY_BODY = YES;
				CLANG_WARN_ENUM_CONVERSION = YES;
				CLANG_WARN_INFINITE_RECURSION = YES;
				CLANG_WARN_INT_CONVERSION = YES;
				CLANG_WARN_NON_LITERAL_NULL_CONVERSION = YES;
				CLANG_WARN_OBJC_LITERAL_CONVERSION = YES;
				CLANG_WARN_OBJC_ROOT_CLASS = YES_ERROR;
				CLANG_WARN_RANGE_LOOP_ANALYSIS = YES;
				CLANG_WARN_STRICT_PROTOTYPES = YES;
				CLANG_WARN_SUSPICIOUS_MOVE = YES;
				CLANG_WARN_UNGUARDED_AVAILABILITY = YES_AGGRESSIVE;
				CLANG_WARN_UNREACHABLE_CODE = YES;
				CLANG_WARN__DUPLICATE_METHOD_MATCH = YES;
				CODE_SIGN_IDENTITY = "iPhone Developer";
				COPY_PHASE_STRIP = NO;
				DEBUG_INFORMATION_FORMAT = "dwarf-with-dsym";
				ENABLE_NS_ASSERTIONS = NO;
				ENABLE_STRICT_OBJC_MSGSEND = YES;
				GCC_C_LANGUAGE_STANDARD = gnu11;
				GCC_NO_COMMON_BLOCKS = YES;
				GCC_WARN_64_TO_32_BIT_CONVERSION = YES;
				GCC_WARN_ABOUT_RETURN_TYPE = YES_ERROR;
				GCC_WARN_UNDECLARED_SELECTOR = YES;
				GCC_WARN_UNINITIALIZED_AUTOS = YES_AGGRESSIVE;
				GCC_WARN_UNUSED_FUNCTION = YES;
				GCC_WARN_UNUSED_VARIABLE = YES;
				IPHONEOS_DEPLOYMENT_TARGET = 11.0;
				MTL_ENABLE_DEBUG_INFO = NO;
				SDKROOT = iphoneos;
				VALIDATE_PRODUCT = YES;
			};
			name = Release;
		};
		B68C1B4A1FBAE6CF00EF9C93 /* Debug */ = {
			isa = XCBuildConfiguration;
			buildSettings = {
				ASSETCATALOG_COMPILER_APPICON_NAME = AppIcon;
				CODE_SIGN_STYLE = Automatic;
				DEVELOPMENT_TEAM = "";
				ENABLE_STRICT_OBJC_MSGSEND = NO;
				INFOPLIST_FILE = KVO/Info.plist;
				LD_RUNPATH_SEARCH_PATHS = "$(inherited) @executable_path/Frameworks";
				PRODUCT_BUNDLE_IDENTIFIER = com.KVO;
				PRODUCT_NAME = "$(TARGET_NAME)";
				TARGETED_DEVICE_FAMILY = "1,2";
			};
			name = Debug;
		};
		B68C1B4B1FBAE6CF00EF9C93 /* Release */ = {
			isa = XCBuildConfiguration;
			buildSettings = {
				ASSETCATALOG_COMPILER_APPICON_NAME = AppIcon;
				CODE_SIGN_STYLE = Automatic;
				DEVELOPMENT_TEAM = "";
				ENABLE_STRICT_OBJC_MSGSEND = NO;
				INFOPLIST_FILE = KVO/Info.plist;
				LD_RUNPATH_SEARCH_PATHS = "$(inherited) @executable_path/Frameworks";
				PRODUCT_BUNDLE_IDENTIFIER = com.KVO;
				PRODUCT_NAME = "$(TARGET_NAME)";
				TARGETED_DEVICE_FAMILY = "1,2";
			};
			name = Release;
		};
		B68C1B4D1FBAE6CF00EF9C93 /* Debug */ = {
			isa = XCBuildConfiguration;
			buildSettings = {
				BUNDLE_LOADER = "$(TEST_HOST)";
				CODE_SIGN_STYLE = Automatic;
				DEVELOPMENT_TEAM = UPFHSUH9CX;
				INFOPLIST_FILE = KVOTests/Info.plist;
				LD_RUNPATH_SEARCH_PATHS = "$(inherited) @executable_path/Frameworks @loader_path/Frameworks";
				PRODUCT_BUNDLE_IDENTIFIER = com.KVOTests;
				PRODUCT_NAME = "$(TARGET_NAME)";
				TARGETED_DEVICE_FAMILY = "1,2";
				TEST_HOST = "$(BUILT_PRODUCTS_DIR)/KVO.app/KVO";
			};
			name = Debug;
		};
		B68C1B4E1FBAE6CF00EF9C93 /* Release */ = {
			isa = XCBuildConfiguration;
			buildSettings = {
				BUNDLE_LOADER = "$(TEST_HOST)";
				CODE_SIGN_STYLE = Automatic;
				DEVELOPMENT_TEAM = UPFHSUH9CX;
				INFOPLIST_FILE = KVOTests/Info.plist;
				LD_RUNPATH_SEARCH_PATHS = "$(inherited) @executable_path/Frameworks @loader_path/Frameworks";
				PRODUCT_BUNDLE_IDENTIFIER = com.KVOTests;
				PRODUCT_NAME = "$(TARGET_NAME)";
				TARGETED_DEVICE_FAMILY = "1,2";
				TEST_HOST = "$(BUILT_PRODUCTS_DIR)/KVO.app/KVO";
			};
			name = Release;
		};
		B68C1B501FBAE6CF00EF9C93 /* Debug */ = {
			isa = XCBuildConfiguration;
			buildSettings = {
				CODE_SIGN_STYLE = Automatic;
				DEVELOPMENT_TEAM = UPFHSUH9CX;
				INFOPLIST_FILE = KVOUITests/Info.plist;
				LD_RUNPATH_SEARCH_PATHS = "$(inherited) @executable_path/Frameworks @loader_path/Frameworks";
				PRODUCT_BUNDLE_IDENTIFIER = com.KVOUITests;
				PRODUCT_NAME = "$(TARGET_NAME)";
				TARGETED_DEVICE_FAMILY = "1,2";
				TEST_TARGET_NAME = KVO;
			};
			name = Debug;
		};
		B68C1B511FBAE6CF00EF9C93 /* Release */ = {
			isa = XCBuildConfiguration;
			buildSettings = {
				CODE_SIGN_STYLE = Automatic;
				DEVELOPMENT_TEAM = UPFHSUH9CX;
				INFOPLIST_FILE = KVOUITests/Info.plist;
				LD_RUNPATH_SEARCH_PATHS = "$(inherited) @executable_path/Frameworks @loader_path/Frameworks";
				PRODUCT_BUNDLE_IDENTIFIER = com.KVOUITests;
				PRODUCT_NAME = "$(TARGET_NAME)";
				TARGETED_DEVICE_FAMILY = "1,2";
				TEST_TARGET_NAME = KVO;
			};
			name = Release;
		};
/* End XCBuildConfiguration section */

/* Begin XCConfigurationList section */
		B68C1B181FBAE6CF00EF9C93 /* Build configuration list for PBXProject "KVO" */ = {
			isa = XCConfigurationList;
			buildConfigurations = (
				B68C1B471FBAE6CF00EF9C93 /* Debug */,
				B68C1B481FBAE6CF00EF9C93 /* Release */,
			);
			defaultConfigurationIsVisible = 0;
			defaultConfigurationName = Release;
		};
		B68C1B491FBAE6CF00EF9C93 /* Build configuration list for PBXNativeTarget "KVO" */ = {
			isa = XCConfigurationList;
			buildConfigurations = (
				B68C1B4A1FBAE6CF00EF9C93 /* Debug */,
				B68C1B4B1FBAE6CF00EF9C93 /* Release */,
			);
			defaultConfigurationIsVisible = 0;
			defaultConfigurationName = Release;
		};
		B68C1B4C1FBAE6CF00EF9C93 /* Build configuration list for PBXNativeTarget "KVOTests" */ = {
			isa = XCConfigurationList;
			buildConfigurations = (
				B68C1B4D1FBAE6CF00EF9C93 /* Debug */,
				B68C1B4E1FBAE6CF00EF9C93 /* Release */,
			);
			defaultConfigurationIsVisible = 0;
			defaultConfigurationName = Release;
		};
		B68C1B4F1FBAE6CF00EF9C93 /* Build configuration list for PBXNativeTarget "KVOUITests" */ = {
			isa = XCConfigurationList;
			buildConfigurations = (
				B68C1B501FBAE6CF00EF9C93 /* Debug */,
				B68C1B511FBAE6CF00EF9C93 /* Release */,
			);
			defaultConfigurationIsVisible = 0;
			defaultConfigurationName = Release;
		};
/* End XCConfigurationList section */
	};
	rootObject = B68C1B151FBAE6CF00EF9C93 /* Project object */;
}
